
Microsoft Visual Studio Solution File, Format Version 12.00
Project("{FAE04EC0-301F-11D3-BF4B-00C04F79EFBC}") = "MoneyTracking.Identity", "MoneyTracking.Identity\MoneyTracking.Identity.csproj", "{D1B120B3-7CF7-44A2-8B3D-3AABD2E45E35}"
EndProject
Project("{FAE04EC0-301F-11D3-BF4B-00C04F79EFBC}") = "MoneyTracking.API", "MoneyTracking.API\MoneyTracking.API.csproj", "{F7571E6C-3003-4715-9F0B-9C2349E513D3}"
EndProject
Project("{FAE04EC0-301F-11D3-BF4B-00C04F79EFBC}") = "MoneyTracking.Options", "MoneyTracking.Options\MoneyTracking.Options.csproj", "{D4957729-FC7C-494C-9123-B9553CF35A42}"
EndProject
Project("{FAE04EC0-301F-11D3-BF4B-00C04F79EFBC}") = "MoneyTracking.Data", "MoneyTracking.Data\MoneyTracking.Data.csproj", "{6AD80FE8-C51D-43B7-9804-B6862D17E3F8}"
EndProject
Global
	GlobalSection(SolutionConfigurationPlatforms) = preSolution
		Debug|Any CPU = Debug|Any CPU
		Release|Any CPU = Release|Any CPU
	EndGlobalSection
	GlobalSection(ProjectConfigurationPlatforms) = postSolution
		{D1B120B3-7CF7-44A2-8B3D-3AABD2E45E35}.Debug|Any CPU.ActiveCfg = Debug|Any CPU
		{D1B120B3-7CF7-44A2-8B3D-3AABD2E45E35}.Debug|Any CPU.Build.0 = Debug|Any CPU
		{D1B120B3-7CF7-44A2-8B3D-3AABD2E45E35}.Release|Any CPU.ActiveCfg = Release|Any CPU
		{D1B120B3-7CF7-44A2-8B3D-3AABD2E45E35}.Release|Any CPU.Build.0 = Release|Any CPU
		{F7571E6C-3003-4715-9F0B-9C2349E513D3}.Debug|Any CPU.ActiveCfg = Debug|Any CPU
		{F7571E6C-3003-4715-9F0B-9C2349E513D3}.Debug|Any CPU.Build.0 = Debug|Any CPU
		{F7571E6C-3003-4715-9F0B-9C2349E513D3}.Release|Any CPU.ActiveCfg = Release|Any CPU
		{F7571E6C-3003-4715-9F0B-9C2349E513D3}.Release|Any CPU.Build.0 = Release|Any CPU
		{D4957729-FC7C-494C-9123-B9553CF35A42}.Debug|Any CPU.ActiveCfg = Debug|Any CPU
		{D4957729-FC7C-494C-9123-B9553CF35A42}.Debug|Any CPU.Build.0 = Debug|Any CPU
		{D4957729-FC7C-494C-9123-B9553CF35A42}.Release|Any CPU.ActiveCfg = Release|Any CPU
		{D4957729-FC7C-494C-9123-B9553CF35A42}.Release|Any CPU.Build.0 = Release|Any CPU
		{6AD80FE8-C51D-43B7-9804-B6862D17E3F8}.Debug|Any CPU.ActiveCfg = Debug|Any CPU
		{6AD80FE8-C51D-43B7-9804-B6862D17E3F8}.Debug|Any CPU.Build.0 = Debug|Any CPU
		{6AD80FE8-C51D-43B7-9804-B6862D17E3F8}.Release|Any CPU.ActiveCfg = Release|Any CPU
		{6AD80FE8-C51D-43B7-9804-B6862D17E3F8}.Release|Any CPU.Build.0 = Release|Any CPU
	EndGlobalSection
EndGlobal
